// !$*UTF8*$!
{
	archiveVersion = 1;
	classes = {
	};
	objectVersion = 55;
	objects = {

/* Begin PBXBuildFile section */
		9122565F2876168700CDB103 /* LoginViewModel.swift in Sources */ = {isa = PBXBuildFile; fileRef = 9122565E2876168700CDB103 /* LoginViewModel.swift */; };
		91FE81132875301600B13A92 /* AppDelegate.swift in Sources */ = {isa = PBXBuildFile; fileRef = 91FE81122875301600B13A92 /* AppDelegate.swift */; };
		91FE81152875301600B13A92 /* SceneDelegate.swift in Sources */ = {isa = PBXBuildFile; fileRef = 91FE81142875301600B13A92 /* SceneDelegate.swift */; };
		91FE81172875301600B13A92 /* ViewController.swift in Sources */ = {isa = PBXBuildFile; fileRef = 91FE81162875301600B13A92 /* ViewController.swift */; };
		91FE811A2875301600B13A92 /* Main.storyboard in Resources */ = {isa = PBXBuildFile; fileRef = 91FE81182875301600B13A92 /* Main.storyboard */; };
		91FE811C2875301800B13A92 /* Assets.xcassets in Resources */ = {isa = PBXBuildFile; fileRef = 91FE811B2875301800B13A92 /* Assets.xcassets */; };
		91FE811F2875301800B13A92 /* LaunchScreen.storyboard in Resources */ = {isa = PBXBuildFile; fileRef = 91FE811D2875301800B13A92 /* LaunchScreen.storyboard */; };
		91FE812D287530C300B13A92 /* ConversationsController.swift in Sources */ = {isa = PBXBuildFile; fileRef = 91FE812C287530C300B13A92 /* ConversationsController.swift */; };
		91FE813028758AB500B13A92 /* LoginController.swift in Sources */ = {isa = PBXBuildFile; fileRef = 91FE812F28758AB500B13A92 /* LoginController.swift */; };
		91FE813228758AC500B13A92 /* RegistrationController.swift in Sources */ = {isa = PBXBuildFile; fileRef = 91FE813128758AC500B13A92 /* RegistrationController.swift */; };
		91FE81342875912400B13A92 /* Extensions.swift in Sources */ = {isa = PBXBuildFile; fileRef = 91FE81332875912400B13A92 /* Extensions.swift */; };
		91FE81362875AC0400B13A92 /* InputContainerView.swift in Sources */ = {isa = PBXBuildFile; fileRef = 91FE81352875AC0400B13A92 /* InputContainerView.swift */; };
		91FE81382875FA5400B13A92 /* CustomTextField.swift in Sources */ = {isa = PBXBuildFile; fileRef = 91FE81372875FA5400B13A92 /* CustomTextField.swift */; };
		91FE813A2876095600B13A92 /* Storyboard.storyboard in Resources */ = {isa = PBXBuildFile; fileRef = 91FE81392876095600B13A92 /* Storyboard.storyboard */; };
/* End PBXBuildFile section */

/* Begin PBXFileReference section */
		9122565E2876168700CDB103 /* LoginViewModel.swift */ = {isa = PBXFileReference; lastKnownFileType = sourcecode.swift; path = LoginViewModel.swift; sourceTree = "<group>"; };
		91FE810F2875301600B13A92 /* Fire Chat 2022.app */ = {isa = PBXFileReference; explicitFileType = wrapper.application; includeInIndex = 0; path = "Fire Chat 2022.app"; sourceTree = BUILT_PRODUCTS_DIR; };
		91FE81122875301600B13A92 /* AppDelegate.swift */ = {isa = PBXFileReference; lastKnownFileType = sourcecode.swift; path = AppDelegate.swift; sourceTree = "<group>"; };
		91FE81142875301600B13A92 /* SceneDelegate.swift */ = {isa = PBXFileReference; lastKnownFileType = sourcecode.swift; path = SceneDelegate.swift; sourceTree = "<group>"; };
		91FE81162875301600B13A92 /* ViewController.swift */ = {isa = PBXFileReference; lastKnownFileType = sourcecode.swift; path = ViewController.swift; sourceTree = "<group>"; };
		91FE81192875301600B13A92 /* Base */ = {isa = PBXFileReference; lastKnownFileType = file.storyboard; name = Base; path = Base.lproj/Main.storyboard; sourceTree = "<group>"; };
		91FE811B2875301800B13A92 /* Assets.xcassets */ = {isa = PBXFileReference; lastKnownFileType = folder.assetcatalog; path = Assets.xcassets; sourceTree = "<group>"; };
		91FE811E2875301800B13A92 /* Base */ = {isa = PBXFileReference; lastKnownFileType = file.storyboard; name = Base; path = Base.lproj/LaunchScreen.storyboard; sourceTree = "<group>"; };
		91FE81202875301800B13A92 /* Info.plist */ = {isa = PBXFileReference; lastKnownFileType = text.plist.xml; path = Info.plist; sourceTree = "<group>"; };
		91FE812C287530C300B13A92 /* ConversationsController.swift */ = {isa = PBXFileReference; lastKnownFileType = sourcecode.swift; path = ConversationsController.swift; sourceTree = "<group>"; };
		91FE812F28758AB500B13A92 /* LoginController.swift */ = {isa = PBXFileReference; lastKnownFileType = sourcecode.swift; path = LoginController.swift; sourceTree = "<group>"; };
		91FE813128758AC500B13A92 /* RegistrationController.swift */ = {isa = PBXFileReference; lastKnownFileType = sourcecode.swift; path = RegistrationController.swift; sourceTree = "<group>"; };
		91FE81332875912400B13A92 /* Extensions.swift */ = {isa = PBXFileReference; lastKnownFileType = sourcecode.swift; path = Extensions.swift; sourceTree = "<group>"; };
		91FE81352875AC0400B13A92 /* InputContainerView.swift */ = {isa = PBXFileReference; lastKnownFileType = sourcecode.swift; path = InputContainerView.swift; sourceTree = "<group>"; };
		91FE81372875FA5400B13A92 /* CustomTextField.swift */ = {isa = PBXFileReference; lastKnownFileType = sourcecode.swift; path = CustomTextField.swift; sourceTree = "<group>"; };
		91FE81392876095600B13A92 /* Storyboard.storyboard */ = {isa = PBXFileReference; lastKnownFileType = file.storyboard; path = Storyboard.storyboard; sourceTree = "<group>"; };
/* End PBXFileReference section */

/* Begin PBXFrameworksBuildPhase section */
		91FE810C2875301600B13A92 /* Frameworks */ = {
			isa = PBXFrameworksBuildPhase;
			buildActionMask = 2147483647;
			files = (
			);
			runOnlyForDeploymentPostprocessing = 0;
		};
/* End PBXFrameworksBuildPhase section */

/* Begin PBXGroup section */
		91FE81062875301600B13A92 = {
			isa = PBXGroup;
			children = (
				91FE81112875301600B13A92 /* Fire Chat 2022 */,
				91FE81102875301600B13A92 /* Products */,
			);
			sourceTree = "<group>";
		};
		91FE81102875301600B13A92 /* Products */ = {
			isa = PBXGroup;
			children = (
				91FE810F2875301600B13A92 /* Fire Chat 2022.app */,
			);
			name = Products;
			sourceTree = "<group>";
		};
		91FE81112875301600B13A92 /* Fire Chat 2022 */ = {
			isa = PBXGroup;
			children = (
				91FE812B2875308C00B13A92 /* Utils */,
				91FE812A2875308600B13A92 /* API */,
				91FE81292875305D00B13A92 /* Controller */,
				91FE81282875304E00B13A92 /* ViewModel */,
				91FE81272875303600B13A92 /* View */,
				91FE81262875302300B13A92 /* Model */,
				91FE81122875301600B13A92 /* AppDelegate.swift */,
				91FE81142875301600B13A92 /* SceneDelegate.swift */,
				91FE81162875301600B13A92 /* ViewController.swift */,
				91FE81182875301600B13A92 /* Main.storyboard */,
				91FE811B2875301800B13A92 /* Assets.xcassets */,
				91FE811D2875301800B13A92 /* LaunchScreen.storyboard */,
				91FE81202875301800B13A92 /* Info.plist */,
				91FE81392876095600B13A92 /* Storyboard.storyboard */,
			);
			path = "Fire Chat 2022";
			sourceTree = "<group>";
		};
		91FE81262875302300B13A92 /* Model */ = {
			isa = PBXGroup;
			children = (
			);
			path = Model;
			sourceTree = "<group>";
		};
		91FE81272875303600B13A92 /* View */ = {
			isa = PBXGroup;
			children = (
				91FE81352875AC0400B13A92 /* InputContainerView.swift */,
				91FE81372875FA5400B13A92 /* CustomTextField.swift */,
			);
			path = View;
			sourceTree = "<group>";
		};
		91FE81282875304E00B13A92 /* ViewModel */ = {
			isa = PBXGroup;
			children = (
				9122565E2876168700CDB103 /* LoginViewModel.swift */,
			);
			path = ViewModel;
			sourceTree = "<group>";
		};
		91FE81292875305D00B13A92 /* Controller */ = {
			isa = PBXGroup;
			children = (
				91FE812E28758A8300B13A92 /* Authentication */,
				91FE812C287530C300B13A92 /* ConversationsController.swift */,
			);
			path = Controller;
			sourceTree = "<group>";
		};
		91FE812A2875308600B13A92 /* API */ = {
			isa = PBXGroup;
			children = (
			);
			path = API;
			sourceTree = "<group>";
		};
		91FE812B2875308C00B13A92 /* Utils */ = {
			isa = PBXGroup;
			children = (
				91FE81332875912400B13A92 /* Extensions.swift */,
			);
			path = Utils;
			sourceTree = "<group>";
		};
		91FE812E28758A8300B13A92 /* Authentication */ = {
			isa = PBXGroup;
			children = (
				91FE812F28758AB500B13A92 /* LoginController.swift */,
				91FE813128758AC500B13A92 /* RegistrationController.swift */,
			);
			path = Authentication;
			sourceTree = "<group>";
		};
/* End PBXGroup section */

/* Begin PBXNativeTarget section */
		91FE810E2875301600B13A92 /* Fire Chat 2022 */ = {
			isa = PBXNativeTarget;
			buildConfigurationList = 91FE81232875301800B13A92 /* Build configuration list for PBXNativeTarget "Fire Chat 2022" */;
			buildPhases = (
				91FE810B2875301600B13A92 /* Sources */,
				91FE810C2875301600B13A92 /* Frameworks */,
				91FE810D2875301600B13A92 /* Resources */,
			);
			buildRules = (
			);
			dependencies = (
			);
			name = "Fire Chat 2022";
			productName = "Fire Chat 2022";
			productReference = 91FE810F2875301600B13A92 /* Fire Chat 2022.app */;
			productType = "com.apple.product-type.application";
		};
/* End PBXNativeTarget section */

/* Begin PBXProject section */
		91FE81072875301600B13A92 /* Project object */ = {
			isa = PBXProject;
			attributes = {
				BuildIndependentTargetsInParallel = 1;
				LastSwiftUpdateCheck = 1320;
				LastUpgradeCheck = 1320;
				TargetAttributes = {
					91FE810E2875301600B13A92 = {
						CreatedOnToolsVersion = 13.2.1;
					};
				};
			};
			buildConfigurationList = 91FE810A2875301600B13A92 /* Build configuration list for PBXProject "Fire Chat 2022" */;
			compatibilityVersion = "Xcode 13.0";
			developmentRegion = en;
			hasScannedForEncodings = 0;
			knownRegions = (
				en,
				Base,
			);
			mainGroup = 91FE81062875301600B13A92;
			productRefGroup = 91FE81102875301600B13A92 /* Products */;
			projectDirPath = "";
			projectRoot = "";
			targets = (
				91FE810E2875301600B13A92 /* Fire Chat 2022 */,
			);
		};
/* End PBXProject section */

/* Begin PBXResourcesBuildPhase section */
		91FE810D2875301600B13A92 /* Resources */ = {
			isa = PBXResourcesBuildPhase;
			buildActionMask = 2147483647;
			files = (
				91FE811F2875301800B13A92 /* LaunchScreen.storyboard in Resources */,
				91FE813A2876095600B13A92 /* Storyboard.storyboard in Resources */,
				91FE811C2875301800B13A92 /* Assets.xcassets in Resources */,
				91FE811A2875301600B13A92 /* Main.storyboard in Resources */,
			);
			runOnlyForDeploymentPostprocessing = 0;
		};
/* End PBXResourcesBuildPhase section */

/* Begin PBXSourcesBuildPhase section */
		91FE810B2875301600B13A92 /* Sources */ = {
			isa = PBXSourcesBuildPhase;
			buildActionMask = 2147483647;
			files = (
				91FE81172875301600B13A92 /* ViewController.swift in Sources */,
				91FE81362875AC0400B13A92 /* InputContainerView.swift in Sources */,
				91FE81132875301600B13A92 /* AppDelegate.swift in Sources */,
				91FE812D287530C300B13A92 /* ConversationsController.swift in Sources */,
				91FE81152875301600B13A92 /* SceneDelegate.swift in Sources */,
				91FE813228758AC500B13A92 /* RegistrationController.swift in Sources */,
				91FE813028758AB500B13A92 /* LoginController.swift in Sources */,
				91FE81342875912400B13A92 /* Extensions.swift in Sources */,
				9122565F2876168700CDB103 /* LoginViewModel.swift in Sources */,
				91FE81382875FA5400B13A92 /* CustomTextField.swift in Sources */,
			);
			runOnlyForDeploymentPostprocessing = 0;
		};
/* End PBXSourcesBuildPhase section */

/* Begin PBXVariantGroup section */
		91FE81182875301600B13A92 /* Main.storyboard */ = {
			isa = PBXVariantGroup;
			children = (
				91FE81192875301600B13A92 /* Base */,
			);
			name = Main.storyboard;
			sourceTree = "<group>";
		};
		91FE811D2875301800B13A92 /* LaunchScreen.storyboard */ = {
			isa = PBXVariantGroup;
			children = (
				91FE811E2875301800B13A92 /* Base */,
			);
			name = LaunchScreen.storyboard;
			sourceTree = "<group>";
		};
/* End PBXVariantGroup section */

/* Begin XCBuildConfiguration section */
		91FE81212875301800B13A92 /* Debug */ = {
			isa = XCBuildConfiguration;
			buildSettings = {
				ALWAYS_SEARCH_USER_PATHS = NO;
				CLANG_ANALYZER_NONNULL = YES;
				CLANG_ANALYZER_NUMBER_OBJECT_CONVERSION = YES_AGGRESSIVE;
				CLANG_CXX_LANGUAGE_STANDARD = "gnu++17";
				CLANG_CXX_LIBRARY = "libc++";
				CLANG_ENABLE_MODULES = YES;
				CLANG_ENABLE_OBJC_ARC = YES;
				CLANG_ENABLE_OBJC_WEAK = YES;
				CLANG_WARN_BLOCK_CAPTURE_AUTORELEASING = YES;
				CLANG_WARN_BOOL_CONVERSION = YES;
				CLANG_WARN_COMMA = YES;
				CLANG_WARN_CONSTANT_CONVERSION = YES;
				CLANG_WARN_DEPRECATED_OBJC_IMPLEMENTATIONS = YES;
				CLANG_WARN_DIRECT_OBJC_ISA_USAGE = YES_ERROR;
				CLANG_WARN_DOCUMENTATION_COMMENTS = YES;
				CLANG_WARN_EMPTY_BODY = YES;
				CLANG_WARN_ENUM_CONVERSION = YES;
				CLANG_WARN_INFINITE_RECURSION = YES;
				CLANG_WARN_INT_CONVERSION = YES;
				CLANG_WARN_NON_LITERAL_NULL_CONVERSION = YES;
				CLANG_WARN_OBJC_IMPLICIT_RETAIN_SELF = YES;
				CLANG_WARN_OBJC_LITERAL_CONVERSION = YES;
				CLANG_WARN_OBJC_ROOT_CLASS = YES_ERROR;
				CLANG_WARN_QUOTED_INCLUDE_IN_FRAMEWORK_HEADER = YES;
				CLANG_WARN_RANGE_LOOP_ANALYSIS = YES;
				CLANG_WARN_STRICT_PROTOTYPES = YES;
				CLANG_WARN_SUSPICIOUS_MOVE = YES;
				CLANG_WARN_UNGUARDED_AVAILABILITY = YES_AGGRESSIVE;
				CLANG_WARN_UNREACHABLE_CODE = YES;
				CLANG_WARN__DUPLICATE_METHOD_MATCH = YES;
				COPY_PHASE_STRIP = NO;
				DEBUG_INFORMATION_FORMAT = dwarf;
				ENABLE_STRICT_OBJC_MSGSEND = YES;
				ENABLE_TESTABILITY = YES;
				GCC_C_LANGUAGE_STANDARD = gnu11;
				GCC_DYNAMIC_NO_PIC = NO;
				GCC_NO_COMMON_BLOCKS = YES;
				GCC_OPTIMIZATION_LEVEL = 0;
				GCC_PREPROCESSOR_DEFINITIONS = (
					"DEBUG=1",
					"$(inherited)",
				);
				GCC_WARN_64_TO_32_BIT_CONVERSION = YES;
				GCC_WARN_ABOUT_RETURN_TYPE = YES_ERROR;
				GCC_WARN_UNDECLARED_SELECTOR = YES;
				GCC_WARN_UNINITIALIZED_AUTOS = YES_AGGRESSIVE;
				GCC_WARN_UNUSED_FUNCTION = YES;
				GCC_WARN_UNUSED_VARIABLE = YES;
				IPHONEOS_DEPLOYMENT_TARGET = 15.2;
				MTL_ENABLE_DEBUG_INFO = INCLUDE_SOURCE;
				MTL_FAST_MATH = YES;
				ONLY_ACTIVE_ARCH = YES;
				SDKROOT = iphoneos;
				SWIFT_ACTIVE_COMPILATION_CONDITIONS = DEBUG;
				SWIFT_OPTIMIZATION_LEVEL = "-Onone";
			};
			name = Debug;
		};
		91FE81222875301800B13A92 /* Release */ = {
			isa = XCBuildConfiguration;
			buildSettings = {
				ALWAYS_SEARCH_USER_PATHS = NO;
				CLANG_ANALYZER_NONNULL = YES;
				CLANG_ANALYZER_NUMBER_OBJECT_CONVERSION = YES_AGGRESSIVE;
				CLANG_CXX_LANGUAGE_STANDARD = "gnu++17";
				CLANG_CXX_LIBRARY = "libc++";
				CLANG_ENABLE_MODULES = YES;
				CLANG_ENABLE_OBJC_ARC = YES;
				CLANG_ENABLE_OBJC_WEAK = YES;
				CLANG_WARN_BLOCK_CAPTURE_AUTORELEASING = YES;
				CLANG_WARN_BOOL_CONVERSION = YES;
				CLANG_WARN_COMMA = YES;
				CLANG_WARN_CONSTANT_CONVERSION = YES;
				CLANG_WARN_DEPRECATED_OBJC_IMPLEMENTATIONS = YES;
				CLANG_WARN_DIRECT_OBJC_ISA_USAGE = YES_ERROR;
				CLANG_WARN_DOCUMENTATION_COMMENTS = YES;
				CLANG_WARN_EMPTY_BODY = YES;
				CLANG_WARN_ENUM_CONVERSION = YES;
				CLANG_WARN_INFINITE_RECURSION = YES;
				CLANG_WARN_INT_CONVERSION = YES;
				CLANG_WARN_NON_LITERAL_NULL_CONVERSION = YES;
				CLANG_WARN_OBJC_IMPLICIT_RETAIN_SELF = YES;
				CLANG_WARN_OBJC_LITERAL_CONVERSION = YES;
				CLANG_WARN_OBJC_ROOT_CLASS = YES_ERROR;
				CLANG_WARN_QUOTED_INCLUDE_IN_FRAMEWORK_HEADER = YES;
				CLANG_WARN_RANGE_LOOP_ANALYSIS = YES;
				CLANG_WARN_STRICT_PROTOTYPES = YES;
				CLANG_WARN_SUSPICIOUS_MOVE = YES;
				CLANG_WARN_UNGUARDED_AVAILABILITY = YES_AGGRESSIVE;
				CLANG_WARN_UNREACHABLE_CODE = YES;
				CLANG_WARN__DUPLICATE_METHOD_MATCH = YES;
				COPY_PHASE_STRIP = NO;
				DEBUG_INFORMATION_FORMAT = "dwarf-with-dsym";
				ENABLE_NS_ASSERTIONS = NO;
				ENABLE_STRICT_OBJC_MSGSEND = YES;
				GCC_C_LANGUAGE_STANDARD = gnu11;
				GCC_NO_COMMON_BLOCKS = YES;
				GCC_WARN_64_TO_32_BIT_CONVERSION = YES;
				GCC_WARN_ABOUT_RETURN_TYPE = YES_ERROR;
				GCC_WARN_UNDECLARED_SELECTOR = YES;
				GCC_WARN_UNINITIALIZED_AUTOS = YES_AGGRESSIVE;
				GCC_WARN_UNUSED_FUNCTION = YES;
				GCC_WARN_UNUSED_VARIABLE = YES;
				IPHONEOS_DEPLOYMENT_TARGET = 15.2;
				MTL_ENABLE_DEBUG_INFO = NO;
				MTL_FAST_MATH = YES;
				SDKROOT = iphoneos;
				SWIFT_COMPILATION_MODE = wholemodule;
				SWIFT_OPTIMIZATION_LEVEL = "-O";
				VALIDATE_PRODUCT = YES;
			};
			name = Release;
		};
		91FE81242875301800B13A92 /* Debug */ = {
			isa = XCBuildConfiguration;
			buildSettings = {
				ASSETCATALOG_COMPILER_APPICON_NAME = AppIcon;
				ASSETCATALOG_COMPILER_GLOBAL_ACCENT_COLOR_NAME = AccentColor;
				CODE_SIGN_STYLE = Automatic;
				CURRENT_PROJECT_VERSION = 1;
				DEVELOPMENT_TEAM = U65P2563ZZ;
				GENERATE_INFOPLIST_FILE = YES;
				INFOPLIST_FILE = "Fire Chat 2022/Info.plist";
				INFOPLIST_KEY_UIApplicationSupportsIndirectInputEvents = YES;
				INFOPLIST_KEY_UILaunchStoryboardName = LaunchScreen;
				INFOPLIST_KEY_UIMainStoryboardFile = Main;
				INFOPLIST_KEY_UISupportedInterfaceOrientations_iPad = "UIInterfaceOrientationPortrait UIInterfaceOrientationPortraitUpsideDown UIInterfaceOrientationLandscapeLeft UIInterfaceOrientationLandscapeRight";
				INFOPLIST_KEY_UISupportedInterfaceOrientations_iPhone = "UIInterfaceOrientationPortrait UIInterfaceOrientationLandscapeLeft UIInterfaceOrientationLandscapeRight";
				LD_RUNPATH_SEARCH_PATHS = (
					"$(inherited)",
					"@executable_path/Frameworks",
				);
				MARKETING_VERSION = 1.0;
				PRODUCT_BUNDLE_IDENTIFIER = "com.hendra.Fire-Chat-2022";
				PRODUCT_NAME = "$(TARGET_NAME)";
				SWIFT_EMIT_LOC_STRINGS = YES;
				SWIFT_VERSION = 5.0;
				TARGETED_DEVICE_FAMILY = "1,2";
			};
			name = Debug;
		};
		91FE81252875301800B13A92 /* Release */ = {
			isa = XCBuildConfiguration;
			buildSettings = {
				ASSETCATALOG_COMPILER_APPICON_NAME = AppIcon;
				ASSETCATALOG_COMPILER_GLOBAL_ACCENT_COLOR_NAME = AccentColor;
				CODE_SIGN_STYLE = Automatic;
				CURRENT_PROJECT_VERSION = 1;
				DEVELOPMENT_TEAM = U65P2563ZZ;
				GENERATE_INFOPLIST_FILE = YES;
				INFOPLIST_FILE = "Fire Chat 2022/Info.plist";
				INFOPLIST_KEY_UIApplicationSupportsIndirectInputEvents = YES;
				INFOPLIST_KEY_UILaunchStoryboardName = LaunchScreen;
				INFOPLIST_KEY_UIMainStoryboardFile = Main;
				INFOPLIST_KEY_UISupportedInterfaceOrientations_iPad = "UIInterfaceOrientationPortrait UIInterfaceOrientationPortraitUpsideDown UIInterfaceOrientationLandscapeLeft UIInterfaceOrientationLandscapeRight";
				INFOPLIST_KEY_UISupportedInterfaceOrientations_iPhone = "UIInterfaceOrientationPortrait UIInterfaceOrientationLandscapeLeft UIInterfaceOrientationLandscapeRight";
				LD_RUNPATH_SEARCH_PATHS = (
					"$(inherited)",
					"@executable_path/Frameworks",
				);
				MARKETING_VERSION = 1.0;
				PRODUCT_BUNDLE_IDENTIFIER = "com.hendra.Fire-Chat-2022";
				PRODUCT_NAME = "$(TARGET_NAME)";
				SWIFT_EMIT_LOC_STRINGS = YES;
				SWIFT_VERSION = 5.0;
				TARGETED_DEVICE_FAMILY = "1,2";
			};
			name = Release;
		};
/* End XCBuildConfiguration section */

/* Begin XCConfigurationList section */
		91FE810A2875301600B13A92 /* Build configuration list for PBXProject "Fire Chat 2022" */ = {
			isa = XCConfigurationList;
			buildConfigurations = (
				91FE81212875301800B13A92 /* Debug */,
				91FE81222875301800B13A92 /* Release */,
			);
			defaultConfigurationIsVisible = 0;
			defaultConfigurationName = Release;
		};
		91FE81232875301800B13A92 /* Build configuration list for PBXNativeTarget "Fire Chat 2022" */ = {
			isa = XCConfigurationList;
			buildConfigurations = (
				91FE81242875301800B13A92 /* Debug */,
				91FE81252875301800B13A92 /* Release */,
			);
			defaultConfigurationIsVisible = 0;
			defaultConfigurationName = Release;
		};
/* End XCConfigurationList section */
	};
	rootObject = 91FE81072875301600B13A92 /* Project object */;
}
